
Microsoft Visual Studio Solution File, Format Version 12.00
# Visual Studio Version 16
VisualStudioVersion = 16.0.29709.97
MinimumVisualStudioVersion = 10.0.40219.1
Project("{FAE04EC0-301F-11D3-BF4B-00C04F79EFBC}") = "GenericsinCSharp", "GenericsinCSharp\GenericsinCSharp.csproj", "{79673670-E1D5-45A6-911E-4CDB80CE779C}"
EndProject
Global
	GlobalSection(SolutionConfigurationPlatforms) = preSolution
		Debug|Any CPU = Debug|Any CPU
		Release|Any CPU = Release|Any CPU
	EndGlobalSection
	GlobalSection(ProjectConfigurationPlatforms) = postSolution
		{79673670-E1D5-45A6-911E-4CDB80CE779C}.Debug|Any CPU.ActiveCfg = Debug|Any CPU
		{79673670-E1D5-45A6-911E-4CDB80CE779C}.Debug|Any CPU.Build.0 = Debug|Any CPU
		{79673670-E1D5-45A6-911E-4CDB80CE779C}.Release|Any CPU.ActiveCfg = Release|Any CPU
		{79673670-E1D5-45A6-911E-4CDB80CE779C}.Release|Any CPU.Build.0 = Release|Any CPU
	EndGlobalSection
	GlobalSection(SolutionProperties) = preSolution
		HideSolutionNode = FALSE
	EndGlobalSection
	GlobalSection(ExtensibilityGlobals) = postSolution
		SolutionGuid = {2C7EC8F1-4647-4450-905D-FFA16F3C7100}
	EndGlobalSection
EndGlobal
