
Microsoft Visual Studio Solution File, Format Version 12.00
# Visual Studio Version 16
VisualStudioVersion = 16.0.29613.14
MinimumVisualStudioVersion = 10.0.40219.1
Project("{FAE04EC0-301F-11D3-BF4B-00C04F79EFBC}") = "ClassesinCSharp", "ClassesinCSharp\ClassesinCSharp.csproj", "{C4E98298-FF76-4C7B-8A71-379E86C19151}"
EndProject
Global
	GlobalSection(SolutionConfigurationPlatforms) = preSolution
		Debug|Any CPU = Debug|Any CPU
		Release|Any CPU = Release|Any CPU
	EndGlobalSection
	GlobalSection(ProjectConfigurationPlatforms) = postSolution
		{C4E98298-FF76-4C7B-8A71-379E86C19151}.Debug|Any CPU.ActiveCfg = Debug|Any CPU
		{C4E98298-FF76-4C7B-8A71-379E86C19151}.Debug|Any CPU.Build.0 = Debug|Any CPU
		{C4E98298-FF76-4C7B-8A71-379E86C19151}.Release|Any CPU.ActiveCfg = Release|Any CPU
		{C4E98298-FF76-4C7B-8A71-379E86C19151}.Release|Any CPU.Build.0 = Release|Any CPU
	EndGlobalSection
	GlobalSection(SolutionProperties) = preSolution
		HideSolutionNode = FALSE
	EndGlobalSection
	GlobalSection(ExtensibilityGlobals) = postSolution
		SolutionGuid = {A47589FE-E5D2-4E76-B476-656B49E14F2D}
	EndGlobalSection
EndGlobal
