
Microsoft Visual Studio Solution File, Format Version 12.00
# Visual Studio Version 16
VisualStudioVersion = 16.0.29613.14
MinimumVisualStudioVersion = 10.0.40219.1
Project("{FAE04EC0-301F-11D3-BF4B-00C04F79EFBC}") = "PropertiesinCSharp", "PropertiesinCSharp\PropertiesinCSharp.csproj", "{FB9A3D4F-81F9-4869-A9B7-850C3CC7DA7D}"
EndProject
Global
	GlobalSection(SolutionConfigurationPlatforms) = preSolution
		Debug|Any CPU = Debug|Any CPU
		Release|Any CPU = Release|Any CPU
	EndGlobalSection
	GlobalSection(ProjectConfigurationPlatforms) = postSolution
		{FB9A3D4F-81F9-4869-A9B7-850C3CC7DA7D}.Debug|Any CPU.ActiveCfg = Debug|Any CPU
		{FB9A3D4F-81F9-4869-A9B7-850C3CC7DA7D}.Debug|Any CPU.Build.0 = Debug|Any CPU
		{FB9A3D4F-81F9-4869-A9B7-850C3CC7DA7D}.Release|Any CPU.ActiveCfg = Release|Any CPU
		{FB9A3D4F-81F9-4869-A9B7-850C3CC7DA7D}.Release|Any CPU.Build.0 = Release|Any CPU
	EndGlobalSection
	GlobalSection(SolutionProperties) = preSolution
		HideSolutionNode = FALSE
	EndGlobalSection
	GlobalSection(ExtensibilityGlobals) = postSolution
		SolutionGuid = {DAA5AC20-CDEE-4718-8FEF-EC4656DFCB36}
	EndGlobalSection
EndGlobal
