
Microsoft Visual Studio Solution File, Format Version 12.00
# Visual Studio Version 16
VisualStudioVersion = 16.0.29613.14
MinimumVisualStudioVersion = 10.0.40219.1
Project("{FAE04EC0-301F-11D3-BF4B-00C04F79EFBC}") = "InterfacesinCSharp", "InterfacesinCSharp\InterfacesinCSharp.csproj", "{033B7A24-18BD-4FB3-8104-A3523ED59558}"
EndProject
Global
	GlobalSection(SolutionConfigurationPlatforms) = preSolution
		Debug|Any CPU = Debug|Any CPU
		Release|Any CPU = Release|Any CPU
	EndGlobalSection
	GlobalSection(ProjectConfigurationPlatforms) = postSolution
		{033B7A24-18BD-4FB3-8104-A3523ED59558}.Debug|Any CPU.ActiveCfg = Debug|Any CPU
		{033B7A24-18BD-4FB3-8104-A3523ED59558}.Debug|Any CPU.Build.0 = Debug|Any CPU
		{033B7A24-18BD-4FB3-8104-A3523ED59558}.Release|Any CPU.ActiveCfg = Release|Any CPU
		{033B7A24-18BD-4FB3-8104-A3523ED59558}.Release|Any CPU.Build.0 = Release|Any CPU
	EndGlobalSection
	GlobalSection(SolutionProperties) = preSolution
		HideSolutionNode = FALSE
	EndGlobalSection
	GlobalSection(ExtensibilityGlobals) = postSolution
		SolutionGuid = {0CC6F6E7-6E1A-4ABC-BD1E-2711EF76B393}
	EndGlobalSection
EndGlobal
