
Microsoft Visual Studio Solution File, Format Version 12.00
# Visual Studio Version 16
VisualStudioVersion = 16.0.29613.14
MinimumVisualStudioVersion = 10.0.40219.1
Project("{FAE04EC0-301F-11D3-BF4B-00C04F79EFBC}") = "AbstractinCSharp", "AbstractinCSharp\AbstractinCSharp.csproj", "{B94136BC-4F2F-4D9D-8D4E-D08BAF3710BD}"
EndProject
Global
	GlobalSection(SolutionConfigurationPlatforms) = preSolution
		Debug|Any CPU = Debug|Any CPU
		Release|Any CPU = Release|Any CPU
	EndGlobalSection
	GlobalSection(ProjectConfigurationPlatforms) = postSolution
		{B94136BC-4F2F-4D9D-8D4E-D08BAF3710BD}.Debug|Any CPU.ActiveCfg = Debug|Any CPU
		{B94136BC-4F2F-4D9D-8D4E-D08BAF3710BD}.Debug|Any CPU.Build.0 = Debug|Any CPU
		{B94136BC-4F2F-4D9D-8D4E-D08BAF3710BD}.Release|Any CPU.ActiveCfg = Release|Any CPU
		{B94136BC-4F2F-4D9D-8D4E-D08BAF3710BD}.Release|Any CPU.Build.0 = Release|Any CPU
	EndGlobalSection
	GlobalSection(SolutionProperties) = preSolution
		HideSolutionNode = FALSE
	EndGlobalSection
	GlobalSection(ExtensibilityGlobals) = postSolution
		SolutionGuid = {805DACAF-9177-42DE-95E6-7993691D63FA}
	EndGlobalSection
EndGlobal
