
Microsoft Visual Studio Solution File, Format Version 12.00
# Visual Studio Version 16
VisualStudioVersion = 16.0.29709.97
MinimumVisualStudioVersion = 10.0.40219.1
Project("{FAE04EC0-301F-11D3-BF4B-00C04F79EFBC}") = "OverridingToStringinCSharp", "OverridingToStringinCSharp\OverridingToStringinCSharp.csproj", "{12B30D45-DFED-4F3D-9DAB-B59773168B01}"
EndProject
Global
	GlobalSection(SolutionConfigurationPlatforms) = preSolution
		Debug|Any CPU = Debug|Any CPU
		Release|Any CPU = Release|Any CPU
	EndGlobalSection
	GlobalSection(ProjectConfigurationPlatforms) = postSolution
		{12B30D45-DFED-4F3D-9DAB-B59773168B01}.Debug|Any CPU.ActiveCfg = Debug|Any CPU
		{12B30D45-DFED-4F3D-9DAB-B59773168B01}.Debug|Any CPU.Build.0 = Debug|Any CPU
		{12B30D45-DFED-4F3D-9DAB-B59773168B01}.Release|Any CPU.ActiveCfg = Release|Any CPU
		{12B30D45-DFED-4F3D-9DAB-B59773168B01}.Release|Any CPU.Build.0 = Release|Any CPU
	EndGlobalSection
	GlobalSection(SolutionProperties) = preSolution
		HideSolutionNode = FALSE
	EndGlobalSection
	GlobalSection(ExtensibilityGlobals) = postSolution
		SolutionGuid = {DE53BD2D-AAAB-42A3-AE40-DDEA38173D05}
	EndGlobalSection
EndGlobal
