
Microsoft Visual Studio Solution File, Format Version 12.00
# Visual Studio Version 16
VisualStudioVersion = 16.0.29709.97
MinimumVisualStudioVersion = 10.0.40219.1
Project("{FAE04EC0-301F-11D3-BF4B-00C04F79EFBC}") = "CustomExceptionsinCSharp", "CustomExceptionsinCSharp\CustomExceptionsinCSharp.csproj", "{3294721E-29C1-4BFD-9B27-5F3536BC0427}"
EndProject
Global
	GlobalSection(SolutionConfigurationPlatforms) = preSolution
		Debug|Any CPU = Debug|Any CPU
		Release|Any CPU = Release|Any CPU
	EndGlobalSection
	GlobalSection(ProjectConfigurationPlatforms) = postSolution
		{3294721E-29C1-4BFD-9B27-5F3536BC0427}.Debug|Any CPU.ActiveCfg = Debug|Any CPU
		{3294721E-29C1-4BFD-9B27-5F3536BC0427}.Debug|Any CPU.Build.0 = Debug|Any CPU
		{3294721E-29C1-4BFD-9B27-5F3536BC0427}.Release|Any CPU.ActiveCfg = Release|Any CPU
		{3294721E-29C1-4BFD-9B27-5F3536BC0427}.Release|Any CPU.Build.0 = Release|Any CPU
	EndGlobalSection
	GlobalSection(SolutionProperties) = preSolution
		HideSolutionNode = FALSE
	EndGlobalSection
	GlobalSection(ExtensibilityGlobals) = postSolution
		SolutionGuid = {AFCD8A47-8B75-4FDF-8577-8169BD969F57}
	EndGlobalSection
EndGlobal
