
Microsoft Visual Studio Solution File, Format Version 12.00
# Visual Studio Version 16
VisualStudioVersion = 16.0.29709.97
MinimumVisualStudioVersion = 10.0.40219.1
Project("{FAE04EC0-301F-11D3-BF4B-00C04F79EFBC}") = "ExceptionHandlinginCSharp", "ExceptionHandlinginCSharp\ExceptionHandlinginCSharp.csproj", "{097BBA6E-EB9C-4E43-A32D-A4B3C8830439}"
EndProject
Global
	GlobalSection(SolutionConfigurationPlatforms) = preSolution
		Debug|Any CPU = Debug|Any CPU
		Release|Any CPU = Release|Any CPU
	EndGlobalSection
	GlobalSection(ProjectConfigurationPlatforms) = postSolution
		{097BBA6E-EB9C-4E43-A32D-A4B3C8830439}.Debug|Any CPU.ActiveCfg = Debug|Any CPU
		{097BBA6E-EB9C-4E43-A32D-A4B3C8830439}.Debug|Any CPU.Build.0 = Debug|Any CPU
		{097BBA6E-EB9C-4E43-A32D-A4B3C8830439}.Release|Any CPU.ActiveCfg = Release|Any CPU
		{097BBA6E-EB9C-4E43-A32D-A4B3C8830439}.Release|Any CPU.Build.0 = Release|Any CPU
	EndGlobalSection
	GlobalSection(SolutionProperties) = preSolution
		HideSolutionNode = FALSE
	EndGlobalSection
	GlobalSection(ExtensibilityGlobals) = postSolution
		SolutionGuid = {E3E01FF5-2D90-4ACD-BFBD-3D94F03943E8}
	EndGlobalSection
EndGlobal
